PODS:
  - LFLiveKit_ (3.0):
    - OpenSSL-Universal (= 1.0.2.17)
  - OpenSSL-Universal (1.0.2.17)

DEPENDENCIES:
  - LFLiveKit_

SPEC REPOS:
  trunk:
    - LFLiveKit_
    - OpenSSL-Universal

SPEC CHECKSUMS:
  LFLiveKit_: 10721860c6a028dfb56072c72ce44fcfcc205444
  OpenSSL-Universal: ff04c2e6befc3f1247ae039e60c93f76345b3b5a

PODFILE CHECKSUM: bdd295fe7596ba7988ff7ff327474cac7f5b4cda

COCOAPODS: 1.9.3
